
Microsoft Visual Studio Solution File, Format Version 12.00
# Visual Studio Version 17
VisualStudioVersion = 17.14.36414.22 d17.14
MinimumVisualStudioVersion = 10.0.40219.1
Project("{FAE04EC0-301F-11D3-BF4B-00C04F79EFBC}") = "DependencyInjection", "DependencyInjection\DependencyInjection.csproj", "{00833FA7-CF3C-4B1B-99F0-A3B51BA0CE10}"
EndProject
Global
	GlobalSection(SolutionConfigurationPlatforms) = preSolution
		Debug|Any CPU = Debug|Any CPU
		Release|Any CPU = Release|Any CPU
	EndGlobalSection
	GlobalSection(ProjectConfigurationPlatforms) = postSolution
		{00833FA7-CF3C-4B1B-99F0-A3B51BA0CE10}.Debug|Any CPU.ActiveCfg = Debug|Any CPU
		{00833FA7-CF3C-4B1B-99F0-A3B51BA0CE10}.Debug|Any CPU.Build.0 = Debug|Any CPU
		{00833FA7-CF3C-4B1B-99F0-A3B51BA0CE10}.Release|Any CPU.ActiveCfg = Release|Any CPU
		{00833FA7-CF3C-4B1B-99F0-A3B51BA0CE10}.Release|Any CPU.Build.0 = Release|Any CPU
	EndGlobalSection
	GlobalSection(SolutionProperties) = preSolution
		HideSolutionNode = FALSE
	EndGlobalSection
	GlobalSection(ExtensibilityGlobals) = postSolution
		SolutionGuid = {FE0A1C93-233C-4EAE-BE42-243B0F9BBEB0}
	EndGlobalSection
EndGlobal
